
Microsoft Visual Studio Solution File, Format Version 12.00
# Visual Studio Version 17
VisualStudioVersion = 17.5.33530.505
MinimumVisualStudioVersion = 10.0.40219.1
Project("{9A19103F-16F7-4668-BE54-9A1E7A4F7556}") = "Manero", "Manero\Manero.csproj", "{02C51CBF-8F80-4EA9-87C2-9333F8F90259}"
EndProject
Global
	GlobalSection(SolutionConfigurationPlatforms) = preSolution
		Debug|Any CPU = Debug|Any CPU
		Release|Any CPU = Release|Any CPU
	EndGlobalSection
	GlobalSection(ProjectConfigurationPlatforms) = postSolution
		{02C51CBF-8F80-4EA9-87C2-9333F8F90259}.Debug|Any CPU.ActiveCfg = Debug|Any CPU
		{02C51CBF-8F80-4EA9-87C2-9333F8F90259}.Debug|Any CPU.Build.0 = Debug|Any CPU
		{02C51CBF-8F80-4EA9-87C2-9333F8F90259}.Release|Any CPU.ActiveCfg = Release|Any CPU
		{02C51CBF-8F80-4EA9-87C2-9333F8F90259}.Release|Any CPU.Build.0 = Release|Any CPU
	EndGlobalSection
	GlobalSection(SolutionProperties) = preSolution
		HideSolutionNode = FALSE
	EndGlobalSection
	GlobalSection(ExtensibilityGlobals) = postSolution
		SolutionGuid = {1B96B990-7058-4B22-87BD-D158E46788F5}
	EndGlobalSection
EndGlobal
